<?xml version="1.0" encoding="utf-8"?>
<Project ToolsVersion="4.0" xmlns="http://schemas.microsoft.com/developer/msbuild/2003">
  <ItemGroup>
    <Filter Include="Resources">
      <UniqueIdentifier>{f5e788a5-e10f-4ead-85d5-bb66c302e80e}</UniqueIdentifier>
    </Filter>
    <Filter Include="Main">
      <UniqueIdentifier>{b62c4e13-433c-4b41-8133-f3959a756fb4}</UniqueIdentifier>
    </Filter>
    <Filter Include="shared">
      <UniqueIdentifier>{eccb9ff9-8de6-4c29-b0ec-194dfd1ad1b9}</UniqueIdentifier>
    </Filter>
  </ItemGroup>
  <ItemGroup>
    <ClInclude Include="Resources\Version.h">
      <Filter>Resources</Filter>
    </ClInclude>
    <ClInclude Include="shared\Main.h">
      <Filter>shared</Filter>
    </ClInclude>
    <ClInclude Include="shared\Common.h">
      <Filter>shared</Filter>
    </ClInclude>
    <ClInclude Include="shared\Structs.h">
      <Filter>shared</Filter>
    </ClInclude>
  </ItemGroup>
  <ItemGroup>
    <ResourceCompile Include="Resources\NewPluginSystem.rc">
      <Filter>Resources</Filter>
    </ResourceCompile>
  </ItemGroup>
  <ItemGroup>
    <ClCompile Include="Main\dllmain.cpp">
      <Filter>Main</Filter>
    </ClCompile>
    <ClCompile Include="Main\PreloadSystem.cpp">
      <Filter>Main</Filter>
    </ClCompile>
    <ClCompile Include="Main\LogSystem.cpp">
      <Filter>Main</Filter>
    </ClCompile>
  </ItemGroup>
</Project>